// !$*UTF8*$!
{
	archiveVersion = 1;
	classes = {
	};
	objectVersion = 50;
	objects = {

/* Begin PBXBuildFile section */
		D804697C218D6DEC00D193D7 /* Interrupts.swift in Sources */ = {isa = PBXBuildFile; fileRef = D804697B218D6DEC00D193D7 /* Interrupts.swift */; };
		D87CFC18218D332600863EBA /* CPU_BUS.swift in Sources */ = {isa = PBXBuildFile; fileRef = D87CFC17218D332600863EBA /* CPU_BUS.swift */; };
		D87CFC1B218D561A00863EBA /* Nes.swift in Sources */ = {isa = PBXBuildFile; fileRef = D87CFC1A218D561A00863EBA /* Nes.swift */; };
		D8C734CB218959D100DE637C /* AppDelegate.swift in Sources */ = {isa = PBXBuildFile; fileRef = D8C734CA218959D100DE637C /* AppDelegate.swift */; };
		D8C734CD218959D100DE637C /* ViewController.swift in Sources */ = {isa = PBXBuildFile; fileRef = D8C734CC218959D100DE637C /* ViewController.swift */; };
		D8C734CF218959D500DE637C /* Assets.xcassets in Resources */ = {isa = PBXBuildFile; fileRef = D8C734CE218959D500DE637C /* Assets.xcassets */; };
		D8C734D2218959D500DE637C /* Main.storyboard in Resources */ = {isa = PBXBuildFile; fileRef = D8C734D0218959D500DE637C /* Main.storyboard */; };
		D8C734DE218959D600DE637C /* StNesEmuTests.swift in Sources */ = {isa = PBXBuildFile; fileRef = D8C734DD218959D600DE637C /* StNesEmuTests.swift */; };
		D8C734E9218959D600DE637C /* StNesEmuUITests.swift in Sources */ = {isa = PBXBuildFile; fileRef = D8C734E8218959D600DE637C /* StNesEmuUITests.swift */; };
		D8C734F9218972A500DE637C /* Parser.swift in Sources */ = {isa = PBXBuildFile; fileRef = D8C734F8218972A500DE637C /* Parser.swift */; };
		D8C734FB218972AF00DE637C /* Cartridge.swift in Sources */ = {isa = PBXBuildFile; fileRef = D8C734FA218972AF00DE637C /* Cartridge.swift */; };
		D8C734FE218972EA00DE637C /* RAM.swift in Sources */ = {isa = PBXBuildFile; fileRef = D8C734FD218972EA00DE637C /* RAM.swift */; };
		D8C73500218972F200DE637C /* ROM.swift in Sources */ = {isa = PBXBuildFile; fileRef = D8C734FF218972F200DE637C /* ROM.swift */; };
		D8C735032189731600DE637C /* Types.swift in Sources */ = {isa = PBXBuildFile; fileRef = D8C735022189731600DE637C /* Types.swift */; };
		D8C735052189732F00DE637C /* IO.swift in Sources */ = {isa = PBXBuildFile; fileRef = D8C735042189732F00DE637C /* IO.swift */; };
		D8C735082189775500DE637C /* UInt8+Bit.swift in Sources */ = {isa = PBXBuildFile; fileRef = D8C735072189775500DE637C /* UInt8+Bit.swift */; };
		D8C7350A2189EC9800DE637C /* OpenDialog.swift in Sources */ = {isa = PBXBuildFile; fileRef = D8C735092189EC9800DE637C /* OpenDialog.swift */; };
		D8C7350F218A2AC600DE637C /* UInt16+Page.swift in Sources */ = {isa = PBXBuildFile; fileRef = D8C7350E218A2AC600DE637C /* UInt16+Page.swift */; };
/* End PBXBuildFile section */

/* Begin PBXContainerItemProxy section */
		D8C734DA218959D600DE637C /* PBXContainerItemProxy */ = {
			isa = PBXContainerItemProxy;
			containerPortal = D8C734BF218959D100DE637C /* Project object */;
			proxyType = 1;
			remoteGlobalIDString = D8C734C6218959D100DE637C;
			remoteInfo = StNesEmu;
		};
		D8C734E5218959D600DE637C /* PBXContainerItemProxy */ = {
			isa = PBXContainerItemProxy;
			containerPortal = D8C734BF218959D100DE637C /* Project object */;
			proxyType = 1;
			remoteGlobalIDString = D8C734C6218959D100DE637C;
			remoteInfo = StNesEmu;
		};
/* End PBXContainerItemProxy section */

/* Begin PBXFileReference section */
		D804697B218D6DEC00D193D7 /* Interrupts.swift */ = {isa = PBXFileReference; lastKnownFileType = sourcecode.swift; path = Interrupts.swift; sourceTree = "<group>"; };
		D87CFC17218D332600863EBA /* CPU_BUS.swift */ = {isa = PBXFileReference; lastKnownFileType = sourcecode.swift; path = CPU_BUS.swift; sourceTree = "<group>"; };
		D87CFC1A218D561A00863EBA /* Nes.swift */ = {isa = PBXFileReference; lastKnownFileType = sourcecode.swift; path = Nes.swift; sourceTree = "<group>"; };
		D8C734C7218959D100DE637C /* StNesEmu.app */ = {isa = PBXFileReference; explicitFileType = wrapper.application; includeInIndex = 0; path = StNesEmu.app; sourceTree = BUILT_PRODUCTS_DIR; };
		D8C734CA218959D100DE637C /* AppDelegate.swift */ = {isa = PBXFileReference; lastKnownFileType = sourcecode.swift; path = AppDelegate.swift; sourceTree = "<group>"; };
		D8C734CC218959D100DE637C /* ViewController.swift */ = {isa = PBXFileReference; lastKnownFileType = sourcecode.swift; path = ViewController.swift; sourceTree = "<group>"; };
		D8C734CE218959D500DE637C /* Assets.xcassets */ = {isa = PBXFileReference; lastKnownFileType = folder.assetcatalog; path = Assets.xcassets; sourceTree = "<group>"; };
		D8C734D1218959D500DE637C /* Base */ = {isa = PBXFileReference; lastKnownFileType = file.storyboard; name = Base; path = Base.lproj/Main.storyboard; sourceTree = "<group>"; };
		D8C734D3218959D500DE637C /* Info.plist */ = {isa = PBXFileReference; lastKnownFileType = text.plist.xml; path = Info.plist; sourceTree = "<group>"; };
		D8C734D4218959D500DE637C /* StNesEmu.entitlements */ = {isa = PBXFileReference; lastKnownFileType = text.plist.entitlements; path = StNesEmu.entitlements; sourceTree = "<group>"; };
		D8C734D9218959D600DE637C /* StNesEmuTests.xctest */ = {isa = PBXFileReference; explicitFileType = wrapper.cfbundle; includeInIndex = 0; path = StNesEmuTests.xctest; sourceTree = BUILT_PRODUCTS_DIR; };
		D8C734DD218959D600DE637C /* StNesEmuTests.swift */ = {isa = PBXFileReference; lastKnownFileType = sourcecode.swift; path = StNesEmuTests.swift; sourceTree = "<group>"; };
		D8C734DF218959D600DE637C /* Info.plist */ = {isa = PBXFileReference; lastKnownFileType = text.plist.xml; path = Info.plist; sourceTree = "<group>"; };
		D8C734E4218959D600DE637C /* StNesEmuUITests.xctest */ = {isa = PBXFileReference; explicitFileType = wrapper.cfbundle; includeInIndex = 0; path = StNesEmuUITests.xctest; sourceTree = BUILT_PRODUCTS_DIR; };
		D8C734E8218959D600DE637C /* StNesEmuUITests.swift */ = {isa = PBXFileReference; lastKnownFileType = sourcecode.swift; path = StNesEmuUITests.swift; sourceTree = "<group>"; };
		D8C734EA218959D600DE637C /* Info.plist */ = {isa = PBXFileReference; lastKnownFileType = text.plist.xml; path = Info.plist; sourceTree = "<group>"; };
		D8C734F8218972A500DE637C /* Parser.swift */ = {isa = PBXFileReference; lastKnownFileType = sourcecode.swift; path = Parser.swift; sourceTree = "<group>"; };
		D8C734FA218972AF00DE637C /* Cartridge.swift */ = {isa = PBXFileReference; lastKnownFileType = sourcecode.swift; path = Cartridge.swift; sourceTree = "<group>"; };
		D8C734FD218972EA00DE637C /* RAM.swift */ = {isa = PBXFileReference; lastKnownFileType = sourcecode.swift; path = RAM.swift; sourceTree = "<group>"; };
		D8C734FF218972F200DE637C /* ROM.swift */ = {isa = PBXFileReference; lastKnownFileType = sourcecode.swift; path = ROM.swift; sourceTree = "<group>"; };
		D8C735022189731600DE637C /* Types.swift */ = {isa = PBXFileReference; lastKnownFileType = sourcecode.swift; path = Types.swift; sourceTree = "<group>"; };
		D8C735042189732F00DE637C /* IO.swift */ = {isa = PBXFileReference; lastKnownFileType = sourcecode.swift; path = IO.swift; sourceTree = "<group>"; };
		D8C735072189775500DE637C /* UInt8+Bit.swift */ = {isa = PBXFileReference; lastKnownFileType = sourcecode.swift; path = "UInt8+Bit.swift"; sourceTree = "<group>"; };
		D8C735092189EC9800DE637C /* OpenDialog.swift */ = {isa = PBXFileReference; lastKnownFileType = sourcecode.swift; path = OpenDialog.swift; sourceTree = "<group>"; };
		D8C7350B2189F6D700DE637C /* README.md */ = {isa = PBXFileReference; lastKnownFileType = net.daringfireball.markdown; path = README.md; sourceTree = "<group>"; };
		D8C7350E218A2AC600DE637C /* UInt16+Page.swift */ = {isa = PBXFileReference; lastKnownFileType = sourcecode.swift; path = "UInt16+Page.swift"; sourceTree = "<group>"; };
/* End PBXFileReference section */

/* Begin PBXFrameworksBuildPhase section */
		D8C734C4218959D100DE637C /* Frameworks */ = {
			isa = PBXFrameworksBuildPhase;
			buildActionMask = 2147483647;
			files = (
			);
			runOnlyForDeploymentPostprocessing = 0;
		};
		D8C734D6218959D600DE637C /* Frameworks */ = {
			isa = PBXFrameworksBuildPhase;
			buildActionMask = 2147483647;
			files = (
			);
			runOnlyForDeploymentPostprocessing = 0;
		};
		D8C734E1218959D600DE637C /* Frameworks */ = {
			isa = PBXFrameworksBuildPhase;
			buildActionMask = 2147483647;
			files = (
			);
			runOnlyForDeploymentPostprocessing = 0;
		};
/* End PBXFrameworksBuildPhase section */

/* Begin PBXGroup section */
		D804697A218D6DA400D193D7 /* CPU */ = {
			isa = PBXGroup;
			children = (
				D804697B218D6DEC00D193D7 /* Interrupts.swift */,
			);
			path = CPU;
			sourceTree = "<group>";
		};
		D87CFC16218D32FA00863EBA /* Bus */ = {
			isa = PBXGroup;
			children = (
				D87CFC17218D332600863EBA /* CPU_BUS.swift */,
			);
			path = Bus;
			sourceTree = "<group>";
		};
		D87CFC19218D560700863EBA /* Nes */ = {
			isa = PBXGroup;
			children = (
				D87CFC1A218D561A00863EBA /* Nes.swift */,
			);
			path = Nes;
			sourceTree = "<group>";
		};
		D8C734BE218959D100DE637C = {
			isa = PBXGroup;
			children = (
				D8C7350B2189F6D700DE637C /* README.md */,
				D8C734C9218959D100DE637C /* StNesEmu */,
				D8C734DC218959D600DE637C /* StNesEmuTests */,
				D8C734E7218959D600DE637C /* StNesEmuUITests */,
				D8C734C8218959D100DE637C /* Products */,
			);
			sourceTree = "<group>";
		};
		D8C734C8218959D100DE637C /* Products */ = {
			isa = PBXGroup;
			children = (
				D8C734C7218959D100DE637C /* StNesEmu.app */,
				D8C734D9218959D600DE637C /* StNesEmuTests.xctest */,
				D8C734E4218959D600DE637C /* StNesEmuUITests.xctest */,
			);
			name = Products;
			sourceTree = "<group>";
		};
		D8C734C9218959D100DE637C /* StNesEmu */ = {
			isa = PBXGroup;
			children = (
				D8C735062189774100DE637C /* Util */,
				D8C73501218972FC00DE637C /* Types */,
				D8C734FC218972C800DE637C /* Memory */,
				D8C734F62189727800DE637C /* Nes */,
				D8C734CA218959D100DE637C /* AppDelegate.swift */,
				D8C734CC218959D100DE637C /* ViewController.swift */,
				D8C734CE218959D500DE637C /* Assets.xcassets */,
				D8C734D0218959D500DE637C /* Main.storyboard */,
				D8C734D3218959D500DE637C /* Info.plist */,
				D8C734D4218959D500DE637C /* StNesEmu.entitlements */,
			);
			path = StNesEmu;
			sourceTree = "<group>";
		};
		D8C734DC218959D600DE637C /* StNesEmuTests */ = {
			isa = PBXGroup;
			children = (
				D8C734DD218959D600DE637C /* StNesEmuTests.swift */,
				D8C734DF218959D600DE637C /* Info.plist */,
			);
			path = StNesEmuTests;
			sourceTree = "<group>";
		};
		D8C734E7218959D600DE637C /* StNesEmuUITests */ = {
			isa = PBXGroup;
			children = (
				D8C734E8218959D600DE637C /* StNesEmuUITests.swift */,
				D8C734EA218959D600DE637C /* Info.plist */,
			);
			path = StNesEmuUITests;
			sourceTree = "<group>";
		};
		D8C734F62189727800DE637C /* Nes */ = {
			isa = PBXGroup;
			children = (
				D804697A218D6DA400D193D7 /* CPU */,
				D87CFC19218D560700863EBA /* Nes */,
				D87CFC16218D32FA00863EBA /* Bus */,
				D8C734F72189728700DE637C /* Cartridge */,
			);
			path = Nes;
			sourceTree = "<group>";
		};
		D8C734F72189728700DE637C /* Cartridge */ = {
			isa = PBXGroup;
			children = (
				D8C734F8218972A500DE637C /* Parser.swift */,
				D8C734FA218972AF00DE637C /* Cartridge.swift */,
				D8C735092189EC9800DE637C /* OpenDialog.swift */,
			);
			path = Cartridge;
			sourceTree = "<group>";
		};
		D8C734FC218972C800DE637C /* Memory */ = {
			isa = PBXGroup;
			children = (
				D8C734FD218972EA00DE637C /* RAM.swift */,
				D8C734FF218972F200DE637C /* ROM.swift */,
			);
			path = Memory;
			sourceTree = "<group>";
		};
		D8C73501218972FC00DE637C /* Types */ = {
			isa = PBXGroup;
			children = (
				D8C735022189731600DE637C /* Types.swift */,
				D8C735042189732F00DE637C /* IO.swift */,
			);
			path = Types;
			sourceTree = "<group>";
		};
		D8C735062189774100DE637C /* Util */ = {
			isa = PBXGroup;
			children = (
				D8C735072189775500DE637C /* UInt8+Bit.swift */,
				D8C7350E218A2AC600DE637C /* UInt16+Page.swift */,
			);
			path = Util;
			sourceTree = "<group>";
		};
/* End PBXGroup section */

/* Begin PBXNativeTarget section */
		D8C734C6218959D100DE637C /* StNesEmu */ = {
			isa = PBXNativeTarget;
			buildConfigurationList = D8C734ED218959D600DE637C /* Build configuration list for PBXNativeTarget "StNesEmu" */;
			buildPhases = (
				D8C734C3218959D100DE637C /* Sources */,
				D8C734C4218959D100DE637C /* Frameworks */,
				D8C734C5218959D100DE637C /* Resources */,
			);
			buildRules = (
			);
			dependencies = (
			);
			name = StNesEmu;
			productName = StNesEmu;
			productReference = D8C734C7218959D100DE637C /* StNesEmu.app */;
			productType = "com.apple.product-type.application";
		};
		D8C734D8218959D600DE637C /* StNesEmuTests */ = {
			isa = PBXNativeTarget;
			buildConfigurationList = D8C734F0218959D600DE637C /* Build configuration list for PBXNativeTarget "StNesEmuTests" */;
			buildPhases = (
				D8C734D5218959D600DE637C /* Sources */,
				D8C734D6218959D600DE637C /* Frameworks */,
				D8C734D7218959D600DE637C /* Resources */,
			);
			buildRules = (
			);
			dependencies = (
				D8C734DB218959D600DE637C /* PBXTargetDependency */,
			);
			name = StNesEmuTests;
			productName = StNesEmuTests;
			productReference = D8C734D9218959D600DE637C /* StNesEmuTests.xctest */;
			productType = "com.apple.product-type.bundle.unit-test";
		};
		D8C734E3218959D600DE637C /* StNesEmuUITests */ = {
			isa = PBXNativeTarget;
			buildConfigurationList = D8C734F3218959D600DE637C /* Build configuration list for PBXNativeTarget "StNesEmuUITests" */;
			buildPhases = (
				D8C734E0218959D600DE637C /* Sources */,
				D8C734E1218959D600DE637C /* Frameworks */,
				D8C734E2218959D600DE637C /* Resources */,
			);
			buildRules = (
			);
			dependencies = (
				D8C734E6218959D600DE637C /* PBXTargetDependency */,
			);
			name = StNesEmuUITests;
			productName = StNesEmuUITests;
			productReference = D8C734E4218959D600DE637C /* StNesEmuUITests.xctest */;
			productType = "com.apple.product-type.bundle.ui-testing";
		};
/* End PBXNativeTarget section */

/* Begin PBXProject section */
		D8C734BF218959D100DE637C /* Project object */ = {
			isa = PBXProject;
			attributes = {
				LastSwiftUpdateCheck = 0940;
				LastUpgradeCheck = 0940;
				ORGANIZATIONNAME = "paraches lifestyle lab.";
				TargetAttributes = {
					D8C734C6218959D100DE637C = {
						CreatedOnToolsVersion = 9.4.1;
					};
					D8C734D8218959D600DE637C = {
						CreatedOnToolsVersion = 9.4.1;
						TestTargetID = D8C734C6218959D100DE637C;
					};
					D8C734E3218959D600DE637C = {
						CreatedOnToolsVersion = 9.4.1;
						TestTargetID = D8C734C6218959D100DE637C;
					};
				};
			};
			buildConfigurationList = D8C734C2218959D100DE637C /* Build configuration list for PBXProject "StNesEmu" */;
			compatibilityVersion = "Xcode 9.3";
			developmentRegion = en;
			hasScannedForEncodings = 0;
			knownRegions = (
				en,
				Base,
			);
			mainGroup = D8C734BE218959D100DE637C;
			productRefGroup = D8C734C8218959D100DE637C /* Products */;
			projectDirPath = "";
			projectRoot = "";
			targets = (
				D8C734C6218959D100DE637C /* StNesEmu */,
				D8C734D8218959D600DE637C /* StNesEmuTests */,
				D8C734E3218959D600DE637C /* StNesEmuUITests */,
			);
		};
/* End PBXProject section */

/* Begin PBXResourcesBuildPhase section */
		D8C734C5218959D100DE637C /* Resources */ = {
			isa = PBXResourcesBuildPhase;
			buildActionMask = 2147483647;
			files = (
				D8C734CF218959D500DE637C /* Assets.xcassets in Resources */,
				D8C734D2218959D500DE637C /* Main.storyboard in Resources */,
			);
			runOnlyForDeploymentPostprocessing = 0;
		};
		D8C734D7218959D600DE637C /* Resources */ = {
			isa = PBXResourcesBuildPhase;
			buildActionMask = 2147483647;
			files = (
			);
			runOnlyForDeploymentPostprocessing = 0;
		};
		D8C734E2218959D600DE637C /* Resources */ = {
			isa = PBXResourcesBuildPhase;
			buildActionMask = 2147483647;
			files = (
			);
			runOnlyForDeploymentPostprocessing = 0;
		};
/* End PBXResourcesBuildPhase section */

/* Begin PBXSourcesBuildPhase section */
		D8C734C3218959D100DE637C /* Sources */ = {
			isa = PBXSourcesBuildPhase;
			buildActionMask = 2147483647;
			files = (
				D8C7350F218A2AC600DE637C /* UInt16+Page.swift in Sources */,
				D87CFC1B218D561A00863EBA /* Nes.swift in Sources */,
				D8C734FE218972EA00DE637C /* RAM.swift in Sources */,
				D8C734CD218959D100DE637C /* ViewController.swift in Sources */,
				D8C73500218972F200DE637C /* ROM.swift in Sources */,
				D8C735082189775500DE637C /* UInt8+Bit.swift in Sources */,
				D87CFC18218D332600863EBA /* CPU_BUS.swift in Sources */,
				D8C735052189732F00DE637C /* IO.swift in Sources */,
				D8C734CB218959D100DE637C /* AppDelegate.swift in Sources */,
				D804697C218D6DEC00D193D7 /* Interrupts.swift in Sources */,
				D8C734F9218972A500DE637C /* Parser.swift in Sources */,
				D8C734FB218972AF00DE637C /* Cartridge.swift in Sources */,
				D8C735032189731600DE637C /* Types.swift in Sources */,
				D8C7350A2189EC9800DE637C /* OpenDialog.swift in Sources */,
			);
			runOnlyForDeploymentPostprocessing = 0;
		};
		D8C734D5218959D600DE637C /* Sources */ = {
			isa = PBXSourcesBuildPhase;
			buildActionMask = 2147483647;
			files = (
				D8C734DE218959D600DE637C /* StNesEmuTests.swift in Sources */,
			);
			runOnlyForDeploymentPostprocessing = 0;
		};
		D8C734E0218959D600DE637C /* Sources */ = {
			isa = PBXSourcesBuildPhase;
			buildActionMask = 2147483647;
			files = (
				D8C734E9218959D600DE637C /* StNesEmuUITests.swift in Sources */,
			);
			runOnlyForDeploymentPostprocessing = 0;
		};
/* End PBXSourcesBuildPhase section */

/* Begin PBXTargetDependency section */
		D8C734DB218959D600DE637C /* PBXTargetDependency */ = {
			isa = PBXTargetDependency;
			target = D8C734C6218959D100DE637C /* StNesEmu */;
			targetProxy = D8C734DA218959D600DE637C /* PBXContainerItemProxy */;
		};
		D8C734E6218959D600DE637C /* PBXTargetDependency */ = {
			isa = PBXTargetDependency;
			target = D8C734C6218959D100DE637C /* StNesEmu */;
			targetProxy = D8C734E5218959D600DE637C /* PBXContainerItemProxy */;
		};
/* End PBXTargetDependency section */

/* Begin PBXVariantGroup section */
		D8C734D0218959D500DE637C /* Main.storyboard */ = {
			isa = PBXVariantGroup;
			children = (
				D8C734D1218959D500DE637C /* Base */,
			);
			name = Main.storyboard;
			sourceTree = "<group>";
		};
/* End PBXVariantGroup section */

/* Begin XCBuildConfiguration section */
		D8C734EB218959D600DE637C /* Debug */ = {
			isa = XCBuildConfiguration;
			buildSettings = {
				ALWAYS_SEARCH_USER_PATHS = NO;
				CLANG_ANALYZER_NONNULL = YES;
				CLANG_ANALYZER_NUMBER_OBJECT_CONVERSION = YES_AGGRESSIVE;
				CLANG_CXX_LANGUAGE_STANDARD = "gnu++14";
				CLANG_CXX_LIBRARY = "libc++";
				CLANG_ENABLE_MODULES = YES;
				CLANG_ENABLE_OBJC_ARC = YES;
				CLANG_ENABLE_OBJC_WEAK = YES;
				CLANG_WARN_BLOCK_CAPTURE_AUTORELEASING = YES;
				CLANG_WARN_BOOL_CONVERSION = YES;
				CLANG_WARN_COMMA = YES;
				CLANG_WARN_CONSTANT_CONVERSION = YES;
				CLANG_WARN_DEPRECATED_OBJC_IMPLEMENTATIONS = YES;
				CLANG_WARN_DIRECT_OBJC_ISA_USAGE = YES_ERROR;
				CLANG_WARN_DOCUMENTATION_COMMENTS = YES;
				CLANG_WARN_EMPTY_BODY = YES;
				CLANG_WARN_ENUM_CONVERSION = YES;
				CLANG_WARN_INFINITE_RECURSION = YES;
				CLANG_WARN_INT_CONVERSION = YES;
				CLANG_WARN_NON_LITERAL_NULL_CONVERSION = YES;
				CLANG_WARN_OBJC_IMPLICIT_RETAIN_SELF = YES;
				CLANG_WARN_OBJC_LITERAL_CONVERSION = YES;
				CLANG_WARN_OBJC_ROOT_CLASS = YES_ERROR;
				CLANG_WARN_RANGE_LOOP_ANALYSIS = YES;
				CLANG_WARN_STRICT_PROTOTYPES = YES;
				CLANG_WARN_SUSPICIOUS_MOVE = YES;
				CLANG_WARN_UNGUARDED_AVAILABILITY = YES_AGGRESSIVE;
				CLANG_WARN_UNREACHABLE_CODE = YES;
				CLANG_WARN__DUPLICATE_METHOD_MATCH = YES;
				CODE_SIGN_IDENTITY = "Mac Developer";
				COPY_PHASE_STRIP = NO;
				DEBUG_INFORMATION_FORMAT = dwarf;
				ENABLE_STRICT_OBJC_MSGSEND = YES;
				ENABLE_TESTABILITY = YES;
				GCC_C_LANGUAGE_STANDARD = gnu11;
				GCC_DYNAMIC_NO_PIC = NO;
				GCC_NO_COMMON_BLOCKS = YES;
				GCC_OPTIMIZATION_LEVEL = 0;
				GCC_PREPROCESSOR_DEFINITIONS = (
					"DEBUG=1",
					"$(inherited)",
				);
				GCC_WARN_64_TO_32_BIT_CONVERSION = YES;
				GCC_WARN_ABOUT_RETURN_TYPE = YES_ERROR;
				GCC_WARN_UNDECLARED_SELECTOR = YES;
				GCC_WARN_UNINITIALIZED_AUTOS = YES_AGGRESSIVE;
				GCC_WARN_UNUSED_FUNCTION = YES;
				GCC_WARN_UNUSED_VARIABLE = YES;
				MACOSX_DEPLOYMENT_TARGET = 10.13;
				MTL_ENABLE_DEBUG_INFO = YES;
				ONLY_ACTIVE_ARCH = YES;
				SDKROOT = macosx;
				SWIFT_ACTIVE_COMPILATION_CONDITIONS = DEBUG;
				SWIFT_OPTIMIZATION_LEVEL = "-Onone";
			};
			name = Debug;
		};
		D8C734EC218959D600DE637C /* Release */ = {
			isa = XCBuildConfiguration;
			buildSettings = {
				ALWAYS_SEARCH_USER_PATHS = NO;
				CLANG_ANALYZER_NONNULL = YES;
				CLANG_ANALYZER_NUMBER_OBJECT_CONVERSION = YES_AGGRESSIVE;
				CLANG_CXX_LANGUAGE_STANDARD = "gnu++14";
				CLANG_CXX_LIBRARY = "libc++";
				CLANG_ENABLE_MODULES = YES;
				CLANG_ENABLE_OBJC_ARC = YES;
				CLANG_ENABLE_OBJC_WEAK = YES;
				CLANG_WARN_BLOCK_CAPTURE_AUTORELEASING = YES;
				CLANG_WARN_BOOL_CONVERSION = YES;
				CLANG_WARN_COMMA = YES;
				CLANG_WARN_CONSTANT_CONVERSION = YES;
				CLANG_WARN_DEPRECATED_OBJC_IMPLEMENTATIONS = YES;
				CLANG_WARN_DIRECT_OBJC_ISA_USAGE = YES_ERROR;
				CLANG_WARN_DOCUMENTATION_COMMENTS = YES;
				CLANG_WARN_EMPTY_BODY = YES;
				CLANG_WARN_ENUM_CONVERSION = YES;
				CLANG_WARN_INFINITE_RECURSION = YES;
				CLANG_WARN_INT_CONVERSION = YES;
				CLANG_WARN_NON_LITERAL_NULL_CONVERSION = YES;
				CLANG_WARN_OBJC_IMPLICIT_RETAIN_SELF = YES;
				CLANG_WARN_OBJC_LITERAL_CONVERSION = YES;
				CLANG_WARN_OBJC_ROOT_CLASS = YES_ERROR;
				CLANG_WARN_RANGE_LOOP_ANALYSIS = YES;
				CLANG_WARN_STRICT_PROTOTYPES = YES;
				CLANG_WARN_SUSPICIOUS_MOVE = YES;
				CLANG_WARN_UNGUARDED_AVAILABILITY = YES_AGGRESSIVE;
				CLANG_WARN_UNREACHABLE_CODE = YES;
				CLANG_WARN__DUPLICATE_METHOD_MATCH = YES;
				CODE_SIGN_IDENTITY = "Mac Developer";
				COPY_PHASE_STRIP = NO;
				DEBUG_INFORMATION_FORMAT = "dwarf-with-dsym";
				ENABLE_NS_ASSERTIONS = NO;
				ENABLE_STRICT_OBJC_MSGSEND = YES;
				GCC_C_LANGUAGE_STANDARD = gnu11;
				GCC_NO_COMMON_BLOCKS = YES;
				GCC_WARN_64_TO_32_BIT_CONVERSION = YES;
				GCC_WARN_ABOUT_RETURN_TYPE = YES_ERROR;
				GCC_WARN_UNDECLARED_SELECTOR = YES;
				GCC_WARN_UNINITIALIZED_AUTOS = YES_AGGRESSIVE;
				GCC_WARN_UNUSED_FUNCTION = YES;
				GCC_WARN_UNUSED_VARIABLE = YES;
				MACOSX_DEPLOYMENT_TARGET = 10.13;
				MTL_ENABLE_DEBUG_INFO = NO;
				SDKROOT = macosx;
				SWIFT_COMPILATION_MODE = wholemodule;
				SWIFT_OPTIMIZATION_LEVEL = "-O";
			};
			name = Release;
		};
		D8C734EE218959D600DE637C /* Debug */ = {
			isa = XCBuildConfiguration;
			buildSettings = {
				ASSETCATALOG_COMPILER_APPICON_NAME = AppIcon;
				CODE_SIGN_ENTITLEMENTS = StNesEmu/StNesEmu.entitlements;
				CODE_SIGN_STYLE = Automatic;
				COMBINE_HIDPI_IMAGES = YES;
				DEVELOPMENT_TEAM = LDFA6E6QA2;
				INFOPLIST_FILE = StNesEmu/Info.plist;
				LD_RUNPATH_SEARCH_PATHS = (
					"$(inherited)",
					"@executable_path/../Frameworks",
				);
				PRODUCT_BUNDLE_IDENTIFIER = com.paraches.mac.StNesEmu;
				PRODUCT_NAME = "$(TARGET_NAME)";
				SWIFT_VERSION = 4.0;
			};
			name = Debug;
		};
		D8C734EF218959D600DE637C /* Release */ = {
			isa = XCBuildConfiguration;
			buildSettings = {
				ASSETCATALOG_COMPILER_APPICON_NAME = AppIcon;
				CODE_SIGN_ENTITLEMENTS = StNesEmu/StNesEmu.entitlements;
				CODE_SIGN_STYLE = Automatic;
				COMBINE_HIDPI_IMAGES = YES;
				DEVELOPMENT_TEAM = LDFA6E6QA2;
				INFOPLIST_FILE = StNesEmu/Info.plist;
				LD_RUNPATH_SEARCH_PATHS = (
					"$(inherited)",
					"@executable_path/../Frameworks",
				);
				PRODUCT_BUNDLE_IDENTIFIER = com.paraches.mac.StNesEmu;
				PRODUCT_NAME = "$(TARGET_NAME)";
				SWIFT_VERSION = 4.0;
			};
			name = Release;
		};
		D8C734F1218959D600DE637C /* Debug */ = {
			isa = XCBuildConfiguration;
			buildSettings = {
				ALWAYS_EMBED_SWIFT_STANDARD_LIBRARIES = YES;
				BUNDLE_LOADER = "$(TEST_HOST)";
				CODE_SIGN_STYLE = Automatic;
				COMBINE_HIDPI_IMAGES = YES;
				DEVELOPMENT_TEAM = LDFA6E6QA2;
				INFOPLIST_FILE = StNesEmuTests/Info.plist;
				LD_RUNPATH_SEARCH_PATHS = (
					"$(inherited)",
					"@executable_path/../Frameworks",
					"@loader_path/../Frameworks",
				);
				PRODUCT_BUNDLE_IDENTIFIER = com.paraches.mac.StNesEmuTests;
				PRODUCT_NAME = "$(TARGET_NAME)";
				SWIFT_VERSION = 4.0;
				TEST_HOST = "$(BUILT_PRODUCTS_DIR)/StNesEmu.app/Contents/MacOS/StNesEmu";
			};
			name = Debug;
		};
		D8C734F2218959D600DE637C /* Release */ = {
			isa = XCBuildConfiguration;
			buildSettings = {
				ALWAYS_EMBED_SWIFT_STANDARD_LIBRARIES = YES;
				BUNDLE_LOADER = "$(TEST_HOST)";
				CODE_SIGN_STYLE = Automatic;
				COMBINE_HIDPI_IMAGES = YES;
				DEVELOPMENT_TEAM = LDFA6E6QA2;
				INFOPLIST_FILE = StNesEmuTests/Info.plist;
				LD_RUNPATH_SEARCH_PATHS = (
					"$(inherited)",
					"@executable_path/../Frameworks",
					"@loader_path/../Frameworks",
				);
				PRODUCT_BUNDLE_IDENTIFIER = com.paraches.mac.StNesEmuTests;
				PRODUCT_NAME = "$(TARGET_NAME)";
				SWIFT_VERSION = 4.0;
				TEST_HOST = "$(BUILT_PRODUCTS_DIR)/StNesEmu.app/Contents/MacOS/StNesEmu";
			};
			name = Release;
		};
		D8C734F4218959D600DE637C /* Debug */ = {
			isa = XCBuildConfiguration;
			buildSettings = {
				ALWAYS_EMBED_SWIFT_STANDARD_LIBRARIES = YES;
				CODE_SIGN_STYLE = Automatic;
				COMBINE_HIDPI_IMAGES = YES;
				DEVELOPMENT_TEAM = LDFA6E6QA2;
				INFOPLIST_FILE = StNesEmuUITests/Info.plist;
				LD_RUNPATH_SEARCH_PATHS = (
					"$(inherited)",
					"@executable_path/../Frameworks",
					"@loader_path/../Frameworks",
				);
				PRODUCT_BUNDLE_IDENTIFIER = com.paraches.mac.StNesEmuUITests;
				PRODUCT_NAME = "$(TARGET_NAME)";
				SWIFT_VERSION = 4.0;
				TEST_TARGET_NAME = StNesEmu;
			};
			name = Debug;
		};
		D8C734F5218959D600DE637C /* Release */ = {
			isa = XCBuildConfiguration;
			buildSettings = {
				ALWAYS_EMBED_SWIFT_STANDARD_LIBRARIES = YES;
				CODE_SIGN_STYLE = Automatic;
				COMBINE_HIDPI_IMAGES = YES;
				DEVELOPMENT_TEAM = LDFA6E6QA2;
				INFOPLIST_FILE = StNesEmuUITests/Info.plist;
				LD_RUNPATH_SEARCH_PATHS = (
					"$(inherited)",
					"@executable_path/../Frameworks",
					"@loader_path/../Frameworks",
				);
				PRODUCT_BUNDLE_IDENTIFIER = com.paraches.mac.StNesEmuUITests;
				PRODUCT_NAME = "$(TARGET_NAME)";
				SWIFT_VERSION = 4.0;
				TEST_TARGET_NAME = StNesEmu;
			};
			name = Release;
		};
/* End XCBuildConfiguration section */

/* Begin XCConfigurationList section */
		D8C734C2218959D100DE637C /* Build configuration list for PBXProject "StNesEmu" */ = {
			isa = XCConfigurationList;
			buildConfigurations = (
				D8C734EB218959D600DE637C /* Debug */,
				D8C734EC218959D600DE637C /* Release */,
			);
			defaultConfigurationIsVisible = 0;
			defaultConfigurationName = Release;
		};
		D8C734ED218959D600DE637C /* Build configuration list for PBXNativeTarget "StNesEmu" */ = {
			isa = XCConfigurationList;
			buildConfigurations = (
				D8C734EE218959D600DE637C /* Debug */,
				D8C734EF218959D600DE637C /* Release */,
			);
			defaultConfigurationIsVisible = 0;
			defaultConfigurationName = Release;
		};
		D8C734F0218959D600DE637C /* Build configuration list for PBXNativeTarget "StNesEmuTests" */ = {
			isa = XCConfigurationList;
			buildConfigurations = (
				D8C734F1218959D600DE637C /* Debug */,
				D8C734F2218959D600DE637C /* Release */,
			);
			defaultConfigurationIsVisible = 0;
			defaultConfigurationName = Release;
		};
		D8C734F3218959D600DE637C /* Build configuration list for PBXNativeTarget "StNesEmuUITests" */ = {
			isa = XCConfigurationList;
			buildConfigurations = (
				D8C734F4218959D600DE637C /* Debug */,
				D8C734F5218959D600DE637C /* Release */,
			);
			defaultConfigurationIsVisible = 0;
			defaultConfigurationName = Release;
		};
/* End XCConfigurationList section */
	};
	rootObject = D8C734BF218959D100DE637C /* Project object */;
}
